# auto-generated by grc.converter

id: timing_utils_system_time_diff_X
label: System Time Difference
category: '[Sandia]/Timing Utilities'

parameters:
-   id: type
    label: Type
    dtype: enum
    options: [c, f, s, b]
    option_labels: [Complex, Float, Short, Byte]
    option_attributes:
        type: [complex, float, short, byte]
    hide: part
-   id: output_data
    label: Data Output?
    dtype: enum
    default: 'False'
    options: ['True', 'False']
    option_labels: ['Yes', 'No']
    option_attributes:
        hide: ['False', 'True']
-   id: update_time
    label: Update Time?
    dtype: enum
    default: 'False'
    options: ['True', 'False']
    option_labels: ['Yes', 'No']
    option_attributes:
        hide: ['False', 'True']
-   id: output_diff
    label: Output Difference?
    dtype: enum
    default: 'False'
    options: ['True', 'False']
    option_labels: ['Yes', 'No']
    option_attributes:
        hide: ['False', 'True']

inputs:
-   domain: stream
    dtype: ${ type.type }

outputs:
-   domain: stream
    dtype: ${ type.type }
    optional: true
    hide: ${ output_data.hide }
-   label: diff
    domain: stream
    dtype: float
    optional: true
    hide: ${ output_diff.hide }

templates:
    imports: |-
        import timing_utils
        import pmt
    make: timing_utils.system_time_diff_${type}(${output_data}, ${update_time}, ${output_diff})

file_format: 1
