# auto-generated by grc.converter

id: timing_utils_usrp_gps_time_sync
label: USRP GPS Time Sync
category: '[Sandia]/Timing Utilities'

parameters:
-   id: usrp_source
    label: USRP
    dtype: string
    default: uhd_usrp_source_0

inputs:
-   domain: message
    id: in
    optional: true

templates:
    imports: import timing_utils
    make: timing_utils.usrp_gps_time_sync(self,${usrp_source})

file_format: 1
