# auto-generated by grc.converter

id: timing_utils_add_usrp_tags
label: Add USRP Tags
category: '[Sandia]/Timing Utilities'

parameters:
-   id: type
    label: Type
    dtype: enum
    options: [c, f, i, s, b]
    option_labels: [Complex, Float, Int, Short, Byte]
    option_attributes:
        type: [complex, float, int, short, byte]
    hide: part
-   id: freq
    label: Frequency
    dtype: float
    default: 100e6
-   id: rate
    label: Rate
    dtype: float
    default: samp_rate
-   id: ti
    label: Time (Secs)
    dtype: int
    hide: part
    default: 0
-   id: tf
    label: Time (Frac)
    dtype: float
    hide: part
    default: 0.0
-   id: tag_now
    label: Tag Now
    dtype: bool
    default: 'False'
    options: ['False', 'True']
    option_labels: ['No', 'Yes']
    hide: part

inputs:
-   domain: stream
    dtype: ${ type.type }

outputs:
-   domain: stream
    dtype: ${ type.type }

templates:
    imports: from gnuradio import timing_utils
    make: |
        timing_utils.add_usrp_tags_${type}(${freq}, ${rate}, ${ti}, ${tf})
        % if context.get('tag_now')():
        self.${id}.tag_now(1)
        %endif

    callbacks:
    - tag_now(${tag_now})

file_format: 1
